
Microsoft Visual Studio Solution File, Format Version 12.00
# Visual Studio Version 17
VisualStudioVersion = 17.6.33829.357
MinimumVisualStudioVersion = 10.0.40219.1
Project("{FAE04EC0-301F-11D3-BF4B-00C04F79EFBC}") = "ChessLogic", "ChessLogic\ChessLogic.csproj", "{CC6041F6-B4C3-4ED5-8886-99C0C53D9EDD}"
EndProject
Project("{FAE04EC0-301F-11D3-BF4B-00C04F79EFBC}") = "ChessUI", "ChessUI\ChessUI.csproj", "{FCAD91E2-E025-4D8C-A339-44EE19519016}"
EndProject
Global
	GlobalSection(SolutionConfigurationPlatforms) = preSolution
		Debug|Any CPU = Debug|Any CPU
		Release|Any CPU = Release|Any CPU
	EndGlobalSection
	GlobalSection(ProjectConfigurationPlatforms) = postSolution
		{CC6041F6-B4C3-4ED5-8886-99C0C53D9EDD}.Debug|Any CPU.ActiveCfg = Debug|Any CPU
		{CC6041F6-B4C3-4ED5-8886-99C0C53D9EDD}.Debug|Any CPU.Build.0 = Debug|Any CPU
		{CC6041F6-B4C3-4ED5-8886-99C0C53D9EDD}.Release|Any CPU.ActiveCfg = Release|Any CPU
		{CC6041F6-B4C3-4ED5-8886-99C0C53D9EDD}.Release|Any CPU.Build.0 = Release|Any CPU
		{FCAD91E2-E025-4D8C-A339-44EE19519016}.Debug|Any CPU.ActiveCfg = Debug|Any CPU
		{FCAD91E2-E025-4D8C-A339-44EE19519016}.Debug|Any CPU.Build.0 = Debug|Any CPU
		{FCAD91E2-E025-4D8C-A339-44EE19519016}.Release|Any CPU.ActiveCfg = Release|Any CPU
		{FCAD91E2-E025-4D8C-A339-44EE19519016}.Release|Any CPU.Build.0 = Release|Any CPU
	EndGlobalSection
	GlobalSection(SolutionProperties) = preSolution
		HideSolutionNode = FALSE
	EndGlobalSection
	GlobalSection(ExtensibilityGlobals) = postSolution
		SolutionGuid = {D8A3E8B4-6F6C-4941-9EAF-AAE822E072F5}
	EndGlobalSection
EndGlobal
